// !$*UTF8*$!
{
	archiveVersion = 1;
	classes = {
	};
	objectVersion = 77;
	objects = {

/* Begin PBXContainerItemProxy section */
		C3C71BCF2E98F84D0071734E /* PBXContainerItemProxy */ = {
			isa = PBXContainerItemProxy;
			containerPortal = C3C71BB42E98F84B0071734E /* Project object */;
			proxyType = 1;
			remoteGlobalIDString = C3C71BBB2E98F84B0071734E;
			remoteInfo = "ClariFi iOS";
		};
		C3C71BD92E98F84D0071734E /* PBXContainerItemProxy */ = {
			isa = PBXContainerItemProxy;
			containerPortal = C3C71BB42E98F84B0071734E /* Project object */;
			proxyType = 1;
			remoteGlobalIDString = C3C71BBB2E98F84B0071734E;
			remoteInfo = "ClariFi iOS";
		};
/* End PBXContainerItemProxy section */

/* Begin PBXFileReference section */
		C3C71BBC2E98F84B0071734E /* ClariFi iOS.app */ = {isa = PBXFileReference; explicitFileType = wrapper.application; includeInIndex = 0; path = "ClariFi iOS.app"; sourceTree = BUILT_PRODUCTS_DIR; };
		C3C71BCE2E98F84D0071734E /* ClariFi iOSTests.xctest */ = {isa = PBXFileReference; explicitFileType = wrapper.cfbundle; includeInIndex = 0; path = "ClariFi iOSTests.xctest"; sourceTree = BUILT_PRODUCTS_DIR; };
		C3C71BD82E98F84D0071734E /* ClariFi iOSUITests.xctest */ = {isa = PBXFileReference; explicitFileType = wrapper.cfbundle; includeInIndex = 0; path = "ClariFi iOSUITests.xctest"; sourceTree = BUILT_PRODUCTS_DIR; };
/* End PBXFileReference section */

/* Begin PBXFileSystemSynchronizedBuildFileExceptionSet section */
		C347BBF32E99FD9C002062AD /* Exceptions for "ClariFi iOS" folder in "ClariFi iOS" target */ = {
			isa = PBXFileSystemSynchronizedBuildFileExceptionSet;
			membershipExceptions = (
				".agents/security-analyst-ios.md",
				Info.plist,
				".kiro/specs/additional-ux-improvements/design.md",
				".kiro/specs/additional-ux-improvements/requirements.md",
				".kiro/specs/additional-ux-improvements/tasks.md",
				".kiro/specs/architecture-refactoring/design.md",
				".kiro/specs/architecture-refactoring/requirements.md",
				".kiro/specs/architecture-refactoring/tasks.md",
				".kiro/specs/clarifi-core/design.md",
				".kiro/specs/clarifi-core/requirements.md",
				".kiro/specs/clarifi-core/tasks.md",
				".kiro/specs/comprehensive-codebase-cleanup/design.md",
				".kiro/specs/comprehensive-codebase-cleanup/requirements.md",
				".kiro/specs/comprehensive-codebase-cleanup/tasks.md",
				".kiro/specs/critical-runtime-fixes/design.md",
				".kiro/specs/critical-runtime-fixes/README.md",
				".kiro/specs/critical-runtime-fixes/requirements.md",
				".kiro/specs/critical-runtime-fixes/tasks.md",
				".kiro/specs/critical-ux-fixes/design.md",
				".kiro/specs/critical-ux-fixes/requirements.md",
				".kiro/specs/critical-ux-fixes/tasks.md",
				.kiro/specs/XCODE_BUILD_FIX.md,
				APP_CRITICAL_ISSUES_AUDIT.md,
				ARCHITECTURE.md,
				"ClariFi iOSTests/Concurrency/MainActorIsolationTests.swift",
				"ClariFi iOSTests/DependencyInjection/DIContainerTests.swift",
				"ClariFi iOSTests/Integration/CriticalWorkflowsCoverageTests.swift",
				"ClariFi iOSTests/Integration/CurrencyPreferenceIntegrationTests.swift",
				"ClariFi iOSTests/Integration/EndToEndFlowTests.swift",
				"ClariFi iOSTests/Integration/PremiumGatingIntegrationTests.swift",
				"ClariFi iOSTests/Models/CurrencyFormatterTests.swift",
				"ClariFi iOSTests/Onboarding/OnboardingCoordinatorTests.swift",
				"ClariFi iOSTests/Repositories/AccountRepositoryThreadSafetyTests.swift",
				"ClariFi iOSTests/Repositories/BackgroundContextProviderTests.swift",
				"ClariFi iOSTests/Repositories/BudgetRepositoryThreadSafetyTests.swift",
				"ClariFi iOSTests/Repositories/RepositoryThreadSafetyTests.swift",
				"ClariFi iOSTests/Repositories/StatementRepositoryThreadSafetyTests.swift",
				"ClariFi iOSTests/Services/AnalyticsTests.swift",
				"ClariFi iOSTests/Services/LLMCacheThreadSafetyTests.swift",
				"ClariFi iOSTests/Services/ParserConcurrencyTests.swift",
				"ClariFi iOSTests/ViewModels/StatementUploadDeduplicationTests.swift",
				CODEBASE_VALIDATION_REPORT.md,
				CRITICAL_CURRENCY_FIX_PLAN.md,
				CURRENCY_FEATURE_PROOF.md,
				docs/archive/ANALYTICS_IMPLEMENTATION.md,
				docs/archive/ANALYTICS_QUICK_REFERENCE.md,
				docs/archive/ANALYTICS_SETUP_GUIDE.md,
				docs/archive/ANALYTICS_TASK_COMPLETION.md,
				docs/archive/ANALYTICS_VISUAL_SUMMARY.md,
				docs/archive/BUDGET_MANAGEMENT_IMPLEMENTATION.md,
				docs/archive/BUDGET_SYSTEM_TESTS_IMPLEMENTATION.md,
				docs/archive/BUDGET_TEMPLATES_BEFORE_AFTER.md,
				docs/archive/BUDGET_TEMPLATES_EXPANSION_COMPLETE.md,
				docs/archive/BUDGET_TEMPLATES_EXPANSION.md,
				docs/archive/BUDGET_TEMPLATES_QUICK_REFERENCE_UPDATED.md,
				docs/archive/BUDGET_TEMPLATES_QUICK_REFERENCE.md,
				docs/archive/BUDGET_TEMPLATES_USER_GUIDE.md,
				docs/archive/BUDGET_TEMPLATES_VISUAL_GUIDE.md,
				docs/archive/BUILD_FIXES_ANALYTICS.md,
				docs/archive/CANADIAN_BANKS_ADDITION.md,
				docs/archive/CATEGORIZATION_IMPLEMENTATION.md,
				docs/archive/CATEGORIZATION_TESTS_IMPLEMENTATION.md,
				docs/archive/fix_build_issues.md,
				docs/archive/fix_test_imports.md,
				docs/archive/IMPLEMENTATION_SUMMARY.md,
				docs/archive/INSIGHTS_ENGINE_IMPLEMENTATION.md,
				docs/archive/INSIGHTS_ENGINE_TESTS_IMPLEMENTATION.md,
				docs/archive/INTEGRATION_COMPLETION.md,
				docs/archive/INTEGRATION_TESTS_COMPLETION.md,
				docs/archive/INTEGRATION_TESTS_DOCUMENTATION.md,
				docs/archive/INTEGRATION_TESTS_FINAL_SUMMARY.md,
				docs/archive/MANUAL_TRANSACTION_ENTRY_IMPLEMENTATION.md,
				docs/archive/NAVIGATION_DASHBOARD_IMPLEMENTATION.md,
				docs/archive/NAVIGATION_TESTS_SUMMARY.md,
				docs/archive/NAVIGATION_UI_TESTS_IMPLEMENTATION.md,
				docs/archive/ONBOARDING_IMPLEMENTATION.md,
				docs/archive/ONBOARDING_TASK_COMPLETION.md,
				docs/archive/ONBOARDING_VISUAL_GUIDE.md,
				docs/archive/PREMIUM_FEATURES_IMPLEMENTATION.md,
				docs/archive/PREMIUM_FEATURES_TESTS_IMPLEMENTATION.md,
				docs/archive/PREMIUM_TESTS_SUMMARY.md,
				docs/archive/PRIVACY_CONTROLS_IMPLEMENTATION.md,
				docs/archive/PRIVACY_CONTROLS_TESTS_IMPLEMENTATION.md,
				docs/archive/PRIVACY_TESTS_SUMMARY.md,
				docs/archive/run_ocr_parsing_tests.md,
				docs/archive/SECURITY_ENCRYPTION_IMPLEMENTATION.md,
				docs/archive/SECURITY_TESTS_COMPLETION_SUMMARY.md,
				docs/archive/SECURITY_TESTS_IMPLEMENTATION.md,
				docs/archive/SECURITY_TESTS_QUICK_START.md,
				docs/archive/SECURITY_TESTS_SUMMARY.md,
				docs/archive/SECURITY_TESTS_TASK_11.3_COMPLETION.md,
				docs/archive/STATE_MANAGEMENT_AUDIT.md,
				docs/archive/STATEMENT_FORMAT_EXPANSION_TASK_COMPLETE.md,
				docs/archive/STATEMENT_FORMAT_EXPANSION.md,
				docs/archive/STATEMENT_FORMAT_UI_ENHANCEMENT.md,
				docs/archive/STATEMENT_FORMAT_VERIFICATION.md,
				docs/archive/TASK_7_VIEWMODEL_DI_MIGRATION.md,
				docs/archive/TASK_8_VIEW_DI_MIGRATION.md,
				docs/archive/TASK_9_TEST_DI_MIGRATION_COMPLETE.md,
				docs/archive/TASK_10_REPOSITORY_FACTORY_REMOVAL.md,
				docs/archive/TASK_11_SERVICE_PROTOCOLS_COMPLETE.md,
				docs/archive/TASK_12_ANALYTICS_DI_MIGRATION.md,
				docs/archive/TASK_12_COMPLETION_SUMMARY.md,
				docs/archive/TASK_13_BUDGET_TEMPLATE_SERVICE_DI.md,
				docs/archive/TASK_14_DOMAIN_SERVICES_DI_COMPLETE.md,
				docs/archive/TASK_15_VIEWMODEL_SERVICE_INJECTION.md,
				docs/archive/TASK_16_SERVICE_LAYER_TESTS_COMPLETE.md,
				docs/archive/TASK_18_VIEWMODEL_INHERITANCE_COMPLETE.md,
				docs/archive/TASK_19_ERROR_HANDLING_STANDARDIZATION.md,
				docs/archive/TASK_20_ERROR_ALERT_IMPLEMENTATION.md,
				docs/archive/TASK_21_ERROR_ALERT_IMPLEMENTATION.md,
				docs/archive/TASK_22_STATE_MANAGEMENT_COMPLETION.md,
				docs/archive/TASK_27_INTEGRATION_TESTS_COMPLETION.md,
				docs/archive/TASK_28_TEST_COVERAGE_COMPLETION.md,
				docs/archive/TASK_ADD_MORE_BUDGET_TEMPLATES_COMPLETE.md,
				docs/archive/TASK_BUDGET_TEMPLATES_COMPLETION.md,
				docs/archive/TASK_COMPLETE_CANADIAN_BANKS.md,
				docs/archive/TASK_STATEMENT_FORMAT_EXPANSION_FINAL.md,
				docs/archive/test_basic_functionality.md,
				docs/CURRENCY_FEATURE_IMPLEMENTATION_SUMMARY.md,
				docs/CURRENCY_SUPPORT_GUIDE.md,
				docs/DOCUMENTATION_CONSOLIDATION_SUMMARY.md,
				docs/HOW_TO_CHANGE_CURRENCY.md,
				docs/README.md,
				docs/reference/STATE_MANAGEMENT_PATTERNS.md,
				docs/reference/STATEMENT_FORMATS_OVERVIEW.md,
				docs/reference/SUPPORTED_STATEMENT_FORMATS.md,
				docs/reference/TEST_COVERAGE_ANALYSIS.md,
				EMOJI_REMOVAL_SUMMARY.md,
				FIXES_PROGRESS.md,
				IMMEDIATE_ACTION_PLAN.md,
				PHASE1_CURRENCY_FIX_COMPLETE.md,
				README.md,
				Utilities/CategoryMigrationREADME.md,
				WHERE_IS_CURRENCY_SETTING.md,
				XCODE_BUILD_FIX.md,
			);
			target = C3C71BBB2E98F84B0071734E /* ClariFi iOS */;
		};
		C347BEA82E9B70A0002062AD /* Exceptions for "ClariFi iOSTests" folder in "ClariFi iOSTests" target */ = {
			isa = PBXFileSystemSynchronizedBuildFileExceptionSet;
			membershipExceptions = (
				UI_TESTS_README.md,
			);
			target = C3C71BCD2E98F84D0071734E /* ClariFi iOSTests */;
		};
/* End PBXFileSystemSynchronizedBuildFileExceptionSet section */

/* Begin PBXFileSystemSynchronizedRootGroup section */
		C3C71BBE2E98F84B0071734E /* ClariFi iOS */ = {
			isa = PBXFileSystemSynchronizedRootGroup;
			exceptions = (
				C347BBF32E99FD9C002062AD /* Exceptions for "ClariFi iOS" folder in "ClariFi iOS" target */,
			);
			path = "ClariFi iOS";
			sourceTree = "<group>";
		};
		C3C71BD12E98F84D0071734E /* ClariFi iOSTests */ = {
			isa = PBXFileSystemSynchronizedRootGroup;
			exceptions = (
				C347BEA82E9B70A0002062AD /* Exceptions for "ClariFi iOSTests" folder in "ClariFi iOSTests" target */,
			);
			path = "ClariFi iOSTests";
			sourceTree = "<group>";
		};
		C3C71BDB2E98F84D0071734E /* ClariFi iOSUITests */ = {
			isa = PBXFileSystemSynchronizedRootGroup;
			path = "ClariFi iOSUITests";
			sourceTree = "<group>";
		};
/* End PBXFileSystemSynchronizedRootGroup section */

/* Begin PBXFrameworksBuildPhase section */
		C3C71BB92E98F84B0071734E /* Frameworks */ = {
			isa = PBXFrameworksBuildPhase;
			buildActionMask = 2147483647;
			files = (
			);
			packageProductDependencies = (
				109BE1EF156A4DD2849C96B8 /* Supabase */,
			);
			runOnlyForDeploymentPostprocessing = 0;
		};
		C3C71BCB2E98F84D0071734E /* Frameworks */ = {
			isa = PBXFrameworksBuildPhase;
			buildActionMask = 2147483647;
			files = (
			);
			runOnlyForDeploymentPostprocessing = 0;
		};
		C3C71BD52E98F84D0071734E /* Frameworks */ = {
			isa = PBXFrameworksBuildPhase;
			buildActionMask = 2147483647;
			files = (
			);
			runOnlyForDeploymentPostprocessing = 0;
		};
/* End PBXFrameworksBuildPhase section */

/* Begin PBXGroup section */
		C3C71BB32E98F84B0071734E = {
			isa = PBXGroup;
			children = (
				C3C71BBE2E98F84B0071734E /* ClariFi iOS */,
				C3C71BD12E98F84D0071734E /* ClariFi iOSTests */,
				C3C71BDB2E98F84D0071734E /* ClariFi iOSUITests */,
				C3C71BBD2E98F84B0071734E /* Products */,
			);
			sourceTree = "<group>";
		};
		C3C71BBD2E98F84B0071734E /* Products */ = {
			isa = PBXGroup;
			children = (
				C3C71BBC2E98F84B0071734E /* ClariFi iOS.app */,
				C3C71BCE2E98F84D0071734E /* ClariFi iOSTests.xctest */,
				C3C71BD82E98F84D0071734E /* ClariFi iOSUITests.xctest */,
			);
			name = Products;
			sourceTree = "<group>";
		};
/* End PBXGroup section */

/* Begin PBXNativeTarget section */
		C3C71BBB2E98F84B0071734E /* ClariFi iOS */ = {
			isa = PBXNativeTarget;
			buildConfigurationList = C3C71BE22E98F84D0071734E /* Build configuration list for PBXNativeTarget "ClariFi iOS" */;
			buildPhases = (
				C3C71BB82E98F84B0071734E /* Sources */,
				C3C71BB92E98F84B0071734E /* Frameworks */,
				C3C71BBA2E98F84B0071734E /* Resources */,
			);
			buildRules = (
			);
			dependencies = (
			);
			fileSystemSynchronizedGroups = (
				C3C71BBE2E98F84B0071734E /* ClariFi iOS */,
			);
			name = "ClariFi iOS";
			packageProductDependencies = (
				109BE1EF156A4DD2849C96B8 /* Supabase */,
			);
			productName = "ClariFi iOS";
			productReference = C3C71BBC2E98F84B0071734E /* ClariFi iOS.app */;
			productType = "com.apple.product-type.application";
		};
		C3C71BCD2E98F84D0071734E /* ClariFi iOSTests */ = {
			isa = PBXNativeTarget;
			buildConfigurationList = C3C71BE52E98F84D0071734E /* Build configuration list for PBXNativeTarget "ClariFi iOSTests" */;
			buildPhases = (
				C3C71BCA2E98F84D0071734E /* Sources */,
				C3C71BCB2E98F84D0071734E /* Frameworks */,
				C3C71BCC2E98F84D0071734E /* Resources */,
			);
			buildRules = (
			);
			dependencies = (
				C3C71BD02E98F84D0071734E /* PBXTargetDependency */,
			);
			fileSystemSynchronizedGroups = (
				C3C71BD12E98F84D0071734E /* ClariFi iOSTests */,
			);
			name = "ClariFi iOSTests";
			productName = "ClariFi iOSTests";
			productReference = C3C71BCE2E98F84D0071734E /* ClariFi iOSTests.xctest */;
			productType = "com.apple.product-type.bundle.unit-test";
		};
		C3C71BD72E98F84D0071734E /* ClariFi iOSUITests */ = {
			isa = PBXNativeTarget;
			buildConfigurationList = C3C71BE82E98F84D0071734E /* Build configuration list for PBXNativeTarget "ClariFi iOSUITests" */;
			buildPhases = (
				C3C71BD42E98F84D0071734E /* Sources */,
				C3C71BD52E98F84D0071734E /* Frameworks */,
				C3C71BD62E98F84D0071734E /* Resources */,
			);
			buildRules = (
			);
			dependencies = (
				C3C71BDA2E98F84D0071734E /* PBXTargetDependency */,
			);
			fileSystemSynchronizedGroups = (
				C3C71BDB2E98F84D0071734E /* ClariFi iOSUITests */,
			);
			name = "ClariFi iOSUITests";
			productName = "ClariFi iOSUITests";
			productReference = C3C71BD82E98F84D0071734E /* ClariFi iOSUITests.xctest */;
			productType = "com.apple.product-type.bundle.ui-testing";
		};
/* End PBXNativeTarget section */

/* Begin PBXProject section */
		C3C71BB42E98F84B0071734E /* Project object */ = {
			isa = PBXProject;
			attributes = {
				BuildIndependentTargetsInParallel = 1;
				LastSwiftUpdateCheck = 1640;
				LastUpgradeCheck = 2600;
				TargetAttributes = {
					C3C71BBB2E98F84B0071734E = {
						CreatedOnToolsVersion = 16.4;
					};
					C3C71BCD2E98F84D0071734E = {
						CreatedOnToolsVersion = 16.4;
						TestTargetID = C3C71BBB2E98F84B0071734E;
					};
					C3C71BD72E98F84D0071734E = {
						CreatedOnToolsVersion = 16.4;
						TestTargetID = C3C71BBB2E98F84B0071734E;
					};
				};
			};
			buildConfigurationList = C3C71BB72E98F84B0071734E /* Build configuration list for PBXProject "ClariFi iOS" */;
			developmentRegion = en;
			hasScannedForEncodings = 0;
			knownRegions = (
				en,
				Base,
			);
			mainGroup = C3C71BB32E98F84B0071734E;
			minimizedProjectReferenceProxies = 1;
			packageReferences = (
				65DBED7D4D3E496C8DFDC9FA /* XCRemoteSwiftPackageReference "supabase-swift" */,
			);
			preferredProjectObjectVersion = 77;
			productRefGroup = C3C71BBD2E98F84B0071734E /* Products */;
			projectDirPath = "";
			projectRoot = "";
			targets = (
				C3C71BBB2E98F84B0071734E /* ClariFi iOS */,
				C3C71BCD2E98F84D0071734E /* ClariFi iOSTests */,
				C3C71BD72E98F84D0071734E /* ClariFi iOSUITests */,
			);
		};
/* End PBXProject section */

/* Begin PBXResourcesBuildPhase section */
		C3C71BBA2E98F84B0071734E /* Resources */ = {
			isa = PBXResourcesBuildPhase;
			buildActionMask = 2147483647;
			files = (
			);
			runOnlyForDeploymentPostprocessing = 0;
		};
		C3C71BCC2E98F84D0071734E /* Resources */ = {
			isa = PBXResourcesBuildPhase;
			buildActionMask = 2147483647;
			files = (
			);
			runOnlyForDeploymentPostprocessing = 0;
		};
		C3C71BD62E98F84D0071734E /* Resources */ = {
			isa = PBXResourcesBuildPhase;
			buildActionMask = 2147483647;
			files = (
			);
			runOnlyForDeploymentPostprocessing = 0;
		};
/* End PBXResourcesBuildPhase section */

/* Begin PBXSourcesBuildPhase section */
		C3C71BB82E98F84B0071734E /* Sources */ = {
			isa = PBXSourcesBuildPhase;
			buildActionMask = 2147483647;
			files = (
			);
			runOnlyForDeploymentPostprocessing = 0;
		};
		C3C71BCA2E98F84D0071734E /* Sources */ = {
			isa = PBXSourcesBuildPhase;
			buildActionMask = 2147483647;
			files = (
			);
			runOnlyForDeploymentPostprocessing = 0;
		};
		C3C71BD42E98F84D0071734E /* Sources */ = {
			isa = PBXSourcesBuildPhase;
			buildActionMask = 2147483647;
			files = (
			);
			runOnlyForDeploymentPostprocessing = 0;
		};
/* End PBXSourcesBuildPhase section */

/* Begin PBXTargetDependency section */
		C3C71BD02E98F84D0071734E /* PBXTargetDependency */ = {
			isa = PBXTargetDependency;
			target = C3C71BBB2E98F84B0071734E /* ClariFi iOS */;
			targetProxy = C3C71BCF2E98F84D0071734E /* PBXContainerItemProxy */;
		};
		C3C71BDA2E98F84D0071734E /* PBXTargetDependency */ = {
			isa = PBXTargetDependency;
			target = C3C71BBB2E98F84B0071734E /* ClariFi iOS */;
			targetProxy = C3C71BD92E98F84D0071734E /* PBXContainerItemProxy */;
		};
/* End PBXTargetDependency section */

/* Begin XCBuildConfiguration section */
		C3C71BE02E98F84D0071734E /* Debug */ = {
			isa = XCBuildConfiguration;
			buildSettings = {
				ALWAYS_SEARCH_USER_PATHS = NO;
				ASSETCATALOG_COMPILER_GENERATE_SWIFT_ASSET_SYMBOL_EXTENSIONS = YES;
				CLANG_ANALYZER_NONNULL = YES;
				CLANG_ANALYZER_NUMBER_OBJECT_CONVERSION = YES_AGGRESSIVE;
				CLANG_CXX_LANGUAGE_STANDARD = "gnu++20";
				CLANG_ENABLE_MODULES = YES;
				CLANG_ENABLE_OBJC_ARC = YES;
				CLANG_ENABLE_OBJC_WEAK = YES;
				CLANG_WARN_BLOCK_CAPTURE_AUTORELEASING = YES;
				CLANG_WARN_BOOL_CONVERSION = YES;
				CLANG_WARN_COMMA = YES;
				CLANG_WARN_CONSTANT_CONVERSION = YES;
				CLANG_WARN_DEPRECATED_OBJC_IMPLEMENTATIONS = YES;
				CLANG_WARN_DIRECT_OBJC_ISA_USAGE = YES_ERROR;
				CLANG_WARN_DOCUMENTATION_COMMENTS = YES;
				CLANG_WARN_EMPTY_BODY = YES;
				CLANG_WARN_ENUM_CONVERSION = YES;
				CLANG_WARN_INFINITE_RECURSION = YES;
				CLANG_WARN_INT_CONVERSION = YES;
				CLANG_WARN_NON_LITERAL_NULL_CONVERSION = YES;
				CLANG_WARN_OBJC_IMPLICIT_RETAIN_SELF = YES;
				CLANG_WARN_OBJC_LITERAL_CONVERSION = YES;
				CLANG_WARN_OBJC_ROOT_CLASS = YES_ERROR;
				CLANG_WARN_QUOTED_INCLUDE_IN_FRAMEWORK_HEADER = YES;
				CLANG_WARN_RANGE_LOOP_ANALYSIS = YES;
				CLANG_WARN_STRICT_PROTOTYPES = YES;
				CLANG_WARN_SUSPICIOUS_MOVE = YES;
				CLANG_WARN_UNGUARDED_AVAILABILITY = YES_AGGRESSIVE;
				CLANG_WARN_UNREACHABLE_CODE = YES;
				CLANG_WARN__DUPLICATE_METHOD_MATCH = YES;
				COPY_PHASE_STRIP = NO;
				DEBUG_INFORMATION_FORMAT = dwarf;
				DEVELOPMENT_TEAM = 32BGC2XP5W;
				ENABLE_STRICT_OBJC_MSGSEND = YES;
				ENABLE_TESTABILITY = YES;
				ENABLE_USER_SCRIPT_SANDBOXING = YES;
				GCC_C_LANGUAGE_STANDARD = gnu17;
				GCC_DYNAMIC_NO_PIC = NO;
				GCC_NO_COMMON_BLOCKS = YES;
				GCC_OPTIMIZATION_LEVEL = 0;
				GCC_PREPROCESSOR_DEFINITIONS = (
					"DEBUG=1",
					"$(inherited)",
				);
				GCC_WARN_64_TO_32_BIT_CONVERSION = YES;
				GCC_WARN_ABOUT_RETURN_TYPE = YES_ERROR;
				GCC_WARN_UNDECLARED_SELECTOR = YES;
				GCC_WARN_UNINITIALIZED_AUTOS = YES_AGGRESSIVE;
				GCC_WARN_UNUSED_FUNCTION = YES;
				GCC_WARN_UNUSED_VARIABLE = YES;
				IPHONEOS_DEPLOYMENT_TARGET = 18.5;
				LOCALIZATION_PREFERS_STRING_CATALOGS = YES;
				MTL_ENABLE_DEBUG_INFO = INCLUDE_SOURCE;
				MTL_FAST_MATH = YES;
				ONLY_ACTIVE_ARCH = YES;
				SDKROOT = iphoneos;
				STRING_CATALOG_GENERATE_SYMBOLS = YES;
				SWIFT_ACTIVE_COMPILATION_CONDITIONS = "DEBUG $(inherited)";
				SWIFT_OPTIMIZATION_LEVEL = "-Onone";
			};
			name = Debug;
		};
		C3C71BE12E98F84D0071734E /* Release */ = {
			isa = XCBuildConfiguration;
			buildSettings = {
				ALWAYS_SEARCH_USER_PATHS = NO;
				ASSETCATALOG_COMPILER_GENERATE_SWIFT_ASSET_SYMBOL_EXTENSIONS = YES;
				CLANG_ANALYZER_NONNULL = YES;
				CLANG_ANALYZER_NUMBER_OBJECT_CONVERSION = YES_AGGRESSIVE;
				CLANG_CXX_LANGUAGE_STANDARD = "gnu++20";
				CLANG_ENABLE_MODULES = YES;
				CLANG_ENABLE_OBJC_ARC = YES;
				CLANG_ENABLE_OBJC_WEAK = YES;
				CLANG_WARN_BLOCK_CAPTURE_AUTORELEASING = YES;
				CLANG_WARN_BOOL_CONVERSION = YES;
				CLANG_WARN_COMMA = YES;
				CLANG_WARN_CONSTANT_CONVERSION = YES;
				CLANG_WARN_DEPRECATED_OBJC_IMPLEMENTATIONS = YES;
				CLANG_WARN_DIRECT_OBJC_ISA_USAGE = YES_ERROR;
				CLANG_WARN_DOCUMENTATION_COMMENTS = YES;
				CLANG_WARN_EMPTY_BODY = YES;
				CLANG_WARN_ENUM_CONVERSION = YES;
				CLANG_WARN_INFINITE_RECURSION = YES;
				CLANG_WARN_INT_CONVERSION = YES;
				CLANG_WARN_NON_LITERAL_NULL_CONVERSION = YES;
				CLANG_WARN_OBJC_IMPLICIT_RETAIN_SELF = YES;
				CLANG_WARN_OBJC_LITERAL_CONVERSION = YES;
				CLANG_WARN_OBJC_ROOT_CLASS = YES_ERROR;
				CLANG_WARN_QUOTED_INCLUDE_IN_FRAMEWORK_HEADER = YES;
				CLANG_WARN_RANGE_LOOP_ANALYSIS = YES;
				CLANG_WARN_STRICT_PROTOTYPES = YES;
				CLANG_WARN_SUSPICIOUS_MOVE = YES;
				CLANG_WARN_UNGUARDED_AVAILABILITY = YES_AGGRESSIVE;
				CLANG_WARN_UNREACHABLE_CODE = YES;
				CLANG_WARN__DUPLICATE_METHOD_MATCH = YES;
				COPY_PHASE_STRIP = NO;
				DEBUG_INFORMATION_FORMAT = "dwarf-with-dsym";
				DEVELOPMENT_TEAM = 32BGC2XP5W;
				ENABLE_NS_ASSERTIONS = NO;
				ENABLE_STRICT_OBJC_MSGSEND = YES;
				ENABLE_USER_SCRIPT_SANDBOXING = YES;
				GCC_C_LANGUAGE_STANDARD = gnu17;
				GCC_NO_COMMON_BLOCKS = YES;
				GCC_WARN_64_TO_32_BIT_CONVERSION = YES;
				GCC_WARN_ABOUT_RETURN_TYPE = YES_ERROR;
				GCC_WARN_UNDECLARED_SELECTOR = YES;
				GCC_WARN_UNINITIALIZED_AUTOS = YES_AGGRESSIVE;
				GCC_WARN_UNUSED_FUNCTION = YES;
				GCC_WARN_UNUSED_VARIABLE = YES;
				IPHONEOS_DEPLOYMENT_TARGET = 18.5;
				LOCALIZATION_PREFERS_STRING_CATALOGS = YES;
				MTL_ENABLE_DEBUG_INFO = NO;
				MTL_FAST_MATH = YES;
				SDKROOT = iphoneos;
				STRING_CATALOG_GENERATE_SYMBOLS = YES;
				SWIFT_COMPILATION_MODE = wholemodule;
				VALIDATE_PRODUCT = YES;
			};
			name = Release;
		};
		C3C71BE32E98F84D0071734E /* Debug */ = {
			isa = XCBuildConfiguration;
			buildSettings = {
				ASSETCATALOG_COMPILER_APPICON_NAME = AppIcon;
				ASSETCATALOG_COMPILER_GLOBAL_ACCENT_COLOR_NAME = AccentColor;
				CODE_SIGN_STYLE = Automatic;
				CURRENT_PROJECT_VERSION = 1;
				DEVELOPMENT_TEAM = 32BGC2XP5W;
				ENABLE_PREVIEWS = YES;
				GENERATE_INFOPLIST_FILE = NO;
				INFOPLIST_FILE = "ClariFi iOS/Info.plist";
				INFOPLIST_KEY_UIApplicationSceneManifest_Generation = YES;
				INFOPLIST_KEY_UIApplicationSupportsIndirectInputEvents = YES;
				INFOPLIST_KEY_UILaunchScreen_Generation = YES;
				INFOPLIST_KEY_UISupportedInterfaceOrientations_iPad = "UIInterfaceOrientationPortrait UIInterfaceOrientationPortraitUpsideDown UIInterfaceOrientationLandscapeLeft UIInterfaceOrientationLandscapeRight";
				INFOPLIST_KEY_UISupportedInterfaceOrientations_iPhone = "UIInterfaceOrientationPortrait UIInterfaceOrientationLandscapeLeft UIInterfaceOrientationLandscapeRight";
				LD_RUNPATH_SEARCH_PATHS = (
					"$(inherited)",
					"@executable_path/Frameworks",
				);
				MARKETING_VERSION = 1.0;
				PRODUCT_BUNDLE_IDENTIFIER = "com.kentrologia.ClariFi-iOS";
				PRODUCT_NAME = "$(TARGET_NAME)";
				SWIFT_EMIT_LOC_STRINGS = YES;
				SWIFT_VERSION = 5.0;
				TARGETED_DEVICE_FAMILY = "1,2";
				EXCLUDED_SOURCE_FILE_NAMES = (
					"ClariFi iOSTests/**",
				);
			};
			name = Debug;
		};
		C3C71BE42E98F84D0071734E /* Release */ = {
			isa = XCBuildConfiguration;
			buildSettings = {
				ASSETCATALOG_COMPILER_APPICON_NAME = AppIcon;
				ASSETCATALOG_COMPILER_GLOBAL_ACCENT_COLOR_NAME = AccentColor;
				CODE_SIGN_STYLE = Automatic;
				CURRENT_PROJECT_VERSION = 1;
				DEVELOPMENT_TEAM = 32BGC2XP5W;
				ENABLE_PREVIEWS = YES;
				GENERATE_INFOPLIST_FILE = NO;
				INFOPLIST_FILE = "ClariFi iOS/Info.plist";
				INFOPLIST_KEY_UIApplicationSceneManifest_Generation = YES;
				INFOPLIST_KEY_UIApplicationSupportsIndirectInputEvents = YES;
				INFOPLIST_KEY_UILaunchScreen_Generation = YES;
				INFOPLIST_KEY_UISupportedInterfaceOrientations_iPad = "UIInterfaceOrientationPortrait UIInterfaceOrientationPortraitUpsideDown UIInterfaceOrientationLandscapeLeft UIInterfaceOrientationLandscapeRight";
				INFOPLIST_KEY_UISupportedInterfaceOrientations_iPhone = "UIInterfaceOrientationPortrait UIInterfaceOrientationLandscapeLeft UIInterfaceOrientationLandscapeRight";
				LD_RUNPATH_SEARCH_PATHS = (
					"$(inherited)",
					"@executable_path/Frameworks",
				);
				MARKETING_VERSION = 1.0;
				PRODUCT_BUNDLE_IDENTIFIER = "com.kentrologia.ClariFi-iOS";
				PRODUCT_NAME = "$(TARGET_NAME)";
				SWIFT_EMIT_LOC_STRINGS = YES;
				SWIFT_VERSION = 5.0;
				TARGETED_DEVICE_FAMILY = "1,2";
				EXCLUDED_SOURCE_FILE_NAMES = (
					"ClariFi iOSTests/**",
				);
			};
			name = Release;
		};
		C3C71BE62E98F84D0071734E /* Debug */ = {
			isa = XCBuildConfiguration;
			buildSettings = {
				BUNDLE_LOADER = "$(TEST_HOST)";
				CODE_SIGN_STYLE = Automatic;
				CURRENT_PROJECT_VERSION = 1;
				DEVELOPMENT_TEAM = 32BGC2XP5W;
				GENERATE_INFOPLIST_FILE = YES;
				IPHONEOS_DEPLOYMENT_TARGET = 18.5;
				MARKETING_VERSION = 1.0;
				PRODUCT_BUNDLE_IDENTIFIER = "com.kentrologia.ClariFi-iOSTests";
				PRODUCT_NAME = "$(TARGET_NAME)";
				SWIFT_EMIT_LOC_STRINGS = NO;
				SWIFT_VERSION = 5.0;
				TARGETED_DEVICE_FAMILY = "1,2";
				TEST_HOST = "$(BUILT_PRODUCTS_DIR)/ClariFi iOS.app/$(BUNDLE_EXECUTABLE_FOLDER_PATH)/ClariFi iOS";
			};
			name = Debug;
		};
		C3C71BE72E98F84D0071734E /* Release */ = {
			isa = XCBuildConfiguration;
			buildSettings = {
				BUNDLE_LOADER = "$(TEST_HOST)";
				CODE_SIGN_STYLE = Automatic;
				CURRENT_PROJECT_VERSION = 1;
				DEVELOPMENT_TEAM = 32BGC2XP5W;
				GENERATE_INFOPLIST_FILE = YES;
				IPHONEOS_DEPLOYMENT_TARGET = 18.5;
				MARKETING_VERSION = 1.0;
				PRODUCT_BUNDLE_IDENTIFIER = "com.kentrologia.ClariFi-iOSTests";
				PRODUCT_NAME = "$(TARGET_NAME)";
				SWIFT_EMIT_LOC_STRINGS = NO;
				SWIFT_VERSION = 5.0;
				TARGETED_DEVICE_FAMILY = "1,2";
				TEST_HOST = "$(BUILT_PRODUCTS_DIR)/ClariFi iOS.app/$(BUNDLE_EXECUTABLE_FOLDER_PATH)/ClariFi iOS";
			};
			name = Release;
		};
		C3C71BE92E98F84D0071734E /* Debug */ = {
			isa = XCBuildConfiguration;
			buildSettings = {
				CODE_SIGN_STYLE = Automatic;
				CURRENT_PROJECT_VERSION = 1;
				DEVELOPMENT_TEAM = 32BGC2XP5W;
				GENERATE_INFOPLIST_FILE = YES;
				MARKETING_VERSION = 1.0;
				PRODUCT_BUNDLE_IDENTIFIER = "com.kentrologia.ClariFi-iOSUITests";
				PRODUCT_NAME = "$(TARGET_NAME)";
				SWIFT_EMIT_LOC_STRINGS = NO;
				SWIFT_VERSION = 5.0;
				TARGETED_DEVICE_FAMILY = "1,2";
				TEST_TARGET_NAME = "ClariFi iOS";
			};
			name = Debug;
		};
		C3C71BEA2E98F84D0071734E /* Release */ = {
			isa = XCBuildConfiguration;
			buildSettings = {
				CODE_SIGN_STYLE = Automatic;
				CURRENT_PROJECT_VERSION = 1;
				DEVELOPMENT_TEAM = 32BGC2XP5W;
				GENERATE_INFOPLIST_FILE = YES;
				MARKETING_VERSION = 1.0;
				PRODUCT_BUNDLE_IDENTIFIER = "com.kentrologia.ClariFi-iOSUITests";
				PRODUCT_NAME = "$(TARGET_NAME)";
				SWIFT_EMIT_LOC_STRINGS = NO;
				SWIFT_VERSION = 5.0;
				TARGETED_DEVICE_FAMILY = "1,2";
				TEST_TARGET_NAME = "ClariFi iOS";
			};
			name = Release;
		};
/* End XCBuildConfiguration section */

/* Begin XCConfigurationList section */
		C3C71BB72E98F84B0071734E /* Build configuration list for PBXProject "ClariFi iOS" */ = {
			isa = XCConfigurationList;
			buildConfigurations = (
				C3C71BE02E98F84D0071734E /* Debug */,
				C3C71BE12E98F84D0071734E /* Release */,
			);
			defaultConfigurationIsVisible = 0;
			defaultConfigurationName = Release;
		};
		C3C71BE22E98F84D0071734E /* Build configuration list for PBXNativeTarget "ClariFi iOS" */ = {
			isa = XCConfigurationList;
			buildConfigurations = (
				C3C71BE32E98F84D0071734E /* Debug */,
				C3C71BE42E98F84D0071734E /* Release */,
			);
			defaultConfigurationIsVisible = 0;
			defaultConfigurationName = Release;
		};
		C3C71BE52E98F84D0071734E /* Build configuration list for PBXNativeTarget "ClariFi iOSTests" */ = {
			isa = XCConfigurationList;
			buildConfigurations = (
				C3C71BE62E98F84D0071734E /* Debug */,
				C3C71BE72E98F84D0071734E /* Release */,
			);
			defaultConfigurationIsVisible = 0;
			defaultConfigurationName = Release;
		};
		C3C71BE82E98F84D0071734E /* Build configuration list for PBXNativeTarget "ClariFi iOSUITests" */ = {
			isa = XCConfigurationList;
			buildConfigurations = (
				C3C71BE92E98F84D0071734E /* Debug */,
				C3C71BEA2E98F84D0071734E /* Release */,
			);
			defaultConfigurationIsVisible = 0;
			defaultConfigurationName = Release;
		};
/* End XCConfigurationList section */

/* Begin XCRemoteSwiftPackageReference section */
		65DBED7D4D3E496C8DFDC9FA /* XCRemoteSwiftPackageReference "supabase-swift" */ = {
			isa = XCRemoteSwiftPackageReference;
			repositoryURL = "https://github.com/supabase/supabase-swift.git";
			requirement = {
				kind = upToNextMajorVersion;
				minimumVersion = 2.0.0;
			};
		};
/* End XCRemoteSwiftPackageReference section */

/* Begin XCSwiftPackageProductDependency section */
		109BE1EF156A4DD2849C96B8 /* Supabase */ = {
			isa = XCSwiftPackageProductDependency;
			package = 65DBED7D4D3E496C8DFDC9FA /* XCRemoteSwiftPackageReference "supabase-swift" */;
			productName = Supabase;
		};
/* End XCSwiftPackageProductDependency section */
	};
	rootObject = C3C71BB42E98F84B0071734E /* Project object */;
}
